
Microsoft Visual Studio Solution File, Format Version 12.00
# Visual Studio Version 17
VisualStudioVersion = 17.9.34607.119
MinimumVisualStudioVersion = 10.0.40219.1
Project("{FAE04EC0-301F-11D3-BF4B-00C04F79EFBC}") = "ProjectWFA", "ProjectWFA\ProjectWFA.csproj", "{252DE1B1-4859-47BA-9BF6-ABE7E3BFD9F0}"
EndProject
Global
	GlobalSection(SolutionConfigurationPlatforms) = preSolution
		Debug|Any CPU = Debug|Any CPU
		Release|Any CPU = Release|Any CPU
	EndGlobalSection
	GlobalSection(ProjectConfigurationPlatforms) = postSolution
		{252DE1B1-4859-47BA-9BF6-ABE7E3BFD9F0}.Debug|Any CPU.ActiveCfg = Debug|Any CPU
		{252DE1B1-4859-47BA-9BF6-ABE7E3BFD9F0}.Debug|Any CPU.Build.0 = Debug|Any CPU
		{252DE1B1-4859-47BA-9BF6-ABE7E3BFD9F0}.Release|Any CPU.ActiveCfg = Release|Any CPU
		{252DE1B1-4859-47BA-9BF6-ABE7E3BFD9F0}.Release|Any CPU.Build.0 = Release|Any CPU
	EndGlobalSection
	GlobalSection(SolutionProperties) = preSolution
		HideSolutionNode = FALSE
	EndGlobalSection
	GlobalSection(ExtensibilityGlobals) = postSolution
		SolutionGuid = {905ACF79-F56C-4493-95B5-85187E47CF01}
	EndGlobalSection
EndGlobal
